
Microsoft Visual Studio Solution File, Format Version 12.00
# Visual Studio 2012
Project("{FAE04EC0-301F-11D3-BF4B-00C04F79EFBC}") = "TestingDatabase3", "TestingDatabase3\TestingDatabase3.csproj", "{748CE9F2-AE74-4CF2-8260-2F1D31703076}"
EndProject
Project("{FAE04EC0-301F-11D3-BF4B-00C04F79EFBC}") = "TestingDatabase3.Tests", "TestingDatabase3.Tests\TestingDatabase3.Tests.csproj", "{057D1B72-E8F2-4986-A704-67C4A1E0A607}"
EndProject
Global
	GlobalSection(SolutionConfigurationPlatforms) = preSolution
		Debug|Any CPU = Debug|Any CPU
		Release|Any CPU = Release|Any CPU
	EndGlobalSection
	GlobalSection(ProjectConfigurationPlatforms) = postSolution
		{748CE9F2-AE74-4CF2-8260-2F1D31703076}.Debug|Any CPU.ActiveCfg = Debug|Any CPU
		{748CE9F2-AE74-4CF2-8260-2F1D31703076}.Debug|Any CPU.Build.0 = Debug|Any CPU
		{748CE9F2-AE74-4CF2-8260-2F1D31703076}.Release|Any CPU.ActiveCfg = Release|Any CPU
		{748CE9F2-AE74-4CF2-8260-2F1D31703076}.Release|Any CPU.Build.0 = Release|Any CPU
		{057D1B72-E8F2-4986-A704-67C4A1E0A607}.Debug|Any CPU.ActiveCfg = Debug|Any CPU
		{057D1B72-E8F2-4986-A704-67C4A1E0A607}.Debug|Any CPU.Build.0 = Debug|Any CPU
		{057D1B72-E8F2-4986-A704-67C4A1E0A607}.Release|Any CPU.ActiveCfg = Release|Any CPU
		{057D1B72-E8F2-4986-A704-67C4A1E0A607}.Release|Any CPU.Build.0 = Release|Any CPU
	EndGlobalSection
	GlobalSection(SolutionProperties) = preSolution
		HideSolutionNode = FALSE
	EndGlobalSection
EndGlobal
