
Microsoft Visual Studio Solution File, Format Version 12.00
# Visual Studio 2012
Project("{FAE04EC0-301F-11D3-BF4B-00C04F79EFBC}") = "TestingDatabase2", "TestingDatabase2\TestingDatabase2.csproj", "{2D05F989-36AE-4CBF-ADA3-B9C86649A7D8}"
EndProject
Project("{FAE04EC0-301F-11D3-BF4B-00C04F79EFBC}") = "TestingDatabase2.Tests", "TestingDatabase2.Tests\TestingDatabase2.Tests.csproj", "{BC010900-E318-489E-99A2-D36624424300}"
EndProject
Global
	GlobalSection(SolutionConfigurationPlatforms) = preSolution
		Debug|Any CPU = Debug|Any CPU
		Release|Any CPU = Release|Any CPU
	EndGlobalSection
	GlobalSection(ProjectConfigurationPlatforms) = postSolution
		{2D05F989-36AE-4CBF-ADA3-B9C86649A7D8}.Debug|Any CPU.ActiveCfg = Debug|Any CPU
		{2D05F989-36AE-4CBF-ADA3-B9C86649A7D8}.Debug|Any CPU.Build.0 = Debug|Any CPU
		{2D05F989-36AE-4CBF-ADA3-B9C86649A7D8}.Release|Any CPU.ActiveCfg = Release|Any CPU
		{2D05F989-36AE-4CBF-ADA3-B9C86649A7D8}.Release|Any CPU.Build.0 = Release|Any CPU
		{BC010900-E318-489E-99A2-D36624424300}.Debug|Any CPU.ActiveCfg = Debug|Any CPU
		{BC010900-E318-489E-99A2-D36624424300}.Debug|Any CPU.Build.0 = Debug|Any CPU
		{BC010900-E318-489E-99A2-D36624424300}.Release|Any CPU.ActiveCfg = Release|Any CPU
		{BC010900-E318-489E-99A2-D36624424300}.Release|Any CPU.Build.0 = Release|Any CPU
	EndGlobalSection
	GlobalSection(SolutionProperties) = preSolution
		HideSolutionNode = FALSE
	EndGlobalSection
EndGlobal
