
Microsoft Visual Studio Solution File, Format Version 12.00
# Visual Studio 2012
Project("{FAE04EC0-301F-11D3-BF4B-00C04F79EFBC}") = "OdeToFood", "OdeToFood\OdeToFood.csproj", "{BC50D8FD-E613-431D-9B25-4856ADD15049}"
EndProject
Project("{FAE04EC0-301F-11D3-BF4B-00C04F79EFBC}") = "OdeToFood.Tests", "OdeToFood.Tests\OdeToFood.Tests.csproj", "{1EE9E11D-ABB9-4989-8577-33BDF85A9DF0}"
EndProject
Global
	GlobalSection(SolutionConfigurationPlatforms) = preSolution
		Debug|Any CPU = Debug|Any CPU
		Release|Any CPU = Release|Any CPU
	EndGlobalSection
	GlobalSection(ProjectConfigurationPlatforms) = postSolution
		{BC50D8FD-E613-431D-9B25-4856ADD15049}.Debug|Any CPU.ActiveCfg = Debug|Any CPU
		{BC50D8FD-E613-431D-9B25-4856ADD15049}.Debug|Any CPU.Build.0 = Debug|Any CPU
		{BC50D8FD-E613-431D-9B25-4856ADD15049}.Release|Any CPU.ActiveCfg = Release|Any CPU
		{BC50D8FD-E613-431D-9B25-4856ADD15049}.Release|Any CPU.Build.0 = Release|Any CPU
		{1EE9E11D-ABB9-4989-8577-33BDF85A9DF0}.Debug|Any CPU.ActiveCfg = Debug|Any CPU
		{1EE9E11D-ABB9-4989-8577-33BDF85A9DF0}.Debug|Any CPU.Build.0 = Debug|Any CPU
		{1EE9E11D-ABB9-4989-8577-33BDF85A9DF0}.Release|Any CPU.ActiveCfg = Release|Any CPU
		{1EE9E11D-ABB9-4989-8577-33BDF85A9DF0}.Release|Any CPU.Build.0 = Release|Any CPU
	EndGlobalSection
	GlobalSection(SolutionProperties) = preSolution
		HideSolutionNode = FALSE
	EndGlobalSection
EndGlobal
